
Microsoft Visual Studio Solution File, Format Version 12.00
# Visual Studio 15
Project("{FAE04EC0-301F-11D3-BF4B-00C04F79EFBC}") = "ngApp", "ngApp.csproj", "{8C0BAA65-B586-4CA6-BFA8-86DB23FD9730}"
EndProject
Global
	GlobalSection(SolutionConfigurationPlatforms) = preSolution
		Debug|Any CPU = Debug|Any CPU
		Release|Any CPU = Release|Any CPU
	EndGlobalSection
	GlobalSection(ProjectConfigurationPlatforms) = postSolution
		{8C0BAA65-B586-4CA6-BFA8-86DB23FD9730}.Debug|Any CPU.ActiveCfg = Debug|Any CPU
		{8C0BAA65-B586-4CA6-BFA8-86DB23FD9730}.Debug|Any CPU.Build.0 = Debug|Any CPU
		{8C0BAA65-B586-4CA6-BFA8-86DB23FD9730}.Release|Any CPU.ActiveCfg = Release|Any CPU
		{8C0BAA65-B586-4CA6-BFA8-86DB23FD9730}.Release|Any CPU.Build.0 = Release|Any CPU
	EndGlobalSection
EndGlobal
